
Microsoft Visual Studio Solution File, Format Version 12.00
# Visual Studio Version 17
VisualStudioVersion = 17.14.36623.8 d17.14
MinimumVisualStudioVersion = 10.0.40219.1
Project("{FAE04EC0-301F-11D3-BF4B-00C04F79EFBC}") = "HisaTeaPOS", "HisaTeaPOS\HisaTeaPOS.csproj", "{956C67F6-E383-49EB-BE02-B05BB70A0819}"
EndProject
Global
	GlobalSection(SolutionConfigurationPlatforms) = preSolution
		Debug|Any CPU = Debug|Any CPU
		Release|Any CPU = Release|Any CPU
	EndGlobalSection
	GlobalSection(ProjectConfigurationPlatforms) = postSolution
		{956C67F6-E383-49EB-BE02-B05BB70A0819}.Debug|Any CPU.ActiveCfg = Debug|Any CPU
		{956C67F6-E383-49EB-BE02-B05BB70A0819}.Debug|Any CPU.Build.0 = Debug|Any CPU
		{956C67F6-E383-49EB-BE02-B05BB70A0819}.Release|Any CPU.ActiveCfg = Release|Any CPU
		{956C67F6-E383-49EB-BE02-B05BB70A0819}.Release|Any CPU.Build.0 = Release|Any CPU
	EndGlobalSection
	GlobalSection(SolutionProperties) = preSolution
		HideSolutionNode = FALSE
	EndGlobalSection
	GlobalSection(ExtensibilityGlobals) = postSolution
		SolutionGuid = {BF4AFF9B-05CA-448E-B726-26711C7A999E}
	EndGlobalSection
EndGlobal
